<?xml version="1.0" encoding="utf-8"?>
<Project ToolsVersion="4.0" xmlns="http://schemas.microsoft.com/developer/msbuild/2003">
  <ItemGroup>
    <ClCompile Include="main.cpp">
      <Filter>sources</Filter>
    </ClCompile>
    <ClCompile Include="pch.cpp">
      <Filter>sources</Filter>
    </ClCompile>
  </ItemGroup>
  <ItemGroup>
    <ClInclude Include="binary_search_tree.h">
      <Filter>header</Filter>
    </ClInclude>
    <ClInclude Include="FileOps.h">
      <Filter>header</Filter>
    </ClInclude>
    <ClInclude Include="heap.h">
      <Filter>header</Filter>
    </ClInclude>
    <ClInclude Include="homework.h">
      <Filter>header</Filter>
    </ClInclude>
    <ClInclude Include="pch.h">
      <Filter>header</Filter>
    </ClInclude>
    <ClInclude Include="SequenceST.h">
      <Filter>header</Filter>
    </ClInclude>
    <ClInclude Include="sorthelper.h">
      <Filter>header</Filter>
    </ClInclude>
    <ClInclude Include="test_sort.h">
      <Filter>header</Filter>
    </ClInclude>
    <ClInclude Include="union.h">
      <Filter>header</Filter>
    </ClInclude>
    <ClInclude Include="Graph.h">
      <Filter>头文件</Filter>
    </ClInclude>
    <ClInclude Include="ReadGraph.h">
      <Filter>头文件</Filter>
    </ClInclude>
    <ClInclude Include="edge.h">
      <Filter>头文件</Filter>
    </ClInclude>
  </ItemGroup>
  <ItemGroup>
    <Filter Include="header">
      <UniqueIdentifier>{e926b080-d24f-456e-9c56-681c2ab3eb7a}</UniqueIdentifier>
    </Filter>
    <Filter Include="sources">
      <UniqueIdentifier>{9bc8b972-1b5b-4f93-bbf5-fd366967522f}</UniqueIdentifier>
    </Filter>
  </ItemGroup>
</Project>